// !$*UTF8*$!
{
	archiveVersion = 1;
	classes = {
	};
	objectVersion = 46;
	objects = {

/* Begin PBXBuildFile section */
		650B2D451C17684B0099F5BA /* Another Asset Catalog.xcassets in Resources */ = {isa = PBXBuildFile; fileRef = 650B2D441C17684B0099F5BA /* Another Asset Catalog.xcassets */; };
		652566381C17048300EB1322 /* AppDelegate.swift in Sources */ = {isa = PBXBuildFile; fileRef = 652566371C17048300EB1322 /* AppDelegate.swift */; };
		6525663A1C17048300EB1322 /* ViewController.swift in Sources */ = {isa = PBXBuildFile; fileRef = 652566391C17048300EB1322 /* ViewController.swift */; };
		6525663D1C17048300EB1322 /* Main.storyboard in Resources */ = {isa = PBXBuildFile; fileRef = 6525663B1C17048300EB1322 /* Main.storyboard */; };
		6525663F1C17048300EB1322 /* My Asset Catalog.xcassets in Resources */ = {isa = PBXBuildFile; fileRef = 6525663E1C17048300EB1322 /* My Asset Catalog.xcassets */; };
		652566421C17048300EB1322 /* LaunchScreen.storyboard in Resources */ = {isa = PBXBuildFile; fileRef = 652566401C17048300EB1322 /* LaunchScreen.storyboard */; };
/* End PBXBuildFile section */

/* Begin PBXFileReference section */
		650B2D441C17684B0099F5BA /* Another Asset Catalog.xcassets */ = {isa = PBXFileReference; lastKnownFileType = folder.assetcatalog; path = "Another Asset Catalog.xcassets"; sourceTree = "<group>"; };
		652566341C17048300EB1322 /* TestApplication1.app */ = {isa = PBXFileReference; explicitFileType = wrapper.application; includeInIndex = 0; path = TestApplication1.app; sourceTree = BUILT_PRODUCTS_DIR; };
		652566371C17048300EB1322 /* AppDelegate.swift */ = {isa = PBXFileReference; lastKnownFileType = sourcecode.swift; path = AppDelegate.swift; sourceTree = "<group>"; };
		652566391C17048300EB1322 /* ViewController.swift */ = {isa = PBXFileReference; lastKnownFileType = sourcecode.swift; path = ViewController.swift; sourceTree = "<group>"; };
		6525663C1C17048300EB1322 /* Base */ = {isa = PBXFileReference; lastKnownFileType = file.storyboard; name = Base; path = Base.lproj/Main.storyboard; sourceTree = "<group>"; };
		6525663E1C17048300EB1322 /* My Asset Catalog.xcassets */ = {isa = PBXFileReference; lastKnownFileType = folder.assetcatalog; path = "My Asset Catalog.xcassets"; sourceTree = "<group>"; };
		652566411C17048300EB1322 /* Base */ = {isa = PBXFileReference; lastKnownFileType = file.storyboard; name = Base; path = Base.lproj/LaunchScreen.storyboard; sourceTree = "<group>"; };
		652566431C17048300EB1322 /* Info.plist */ = {isa = PBXFileReference; lastKnownFileType = text.plist.xml; path = Info.plist; sourceTree = "<group>"; };
/* End PBXFileReference section */

/* Begin PBXFrameworksBuildPhase section */
		652566311C17048300EB1322 /* Frameworks */ = {
			isa = PBXFrameworksBuildPhase;
			buildActionMask = 2147483647;
			files = (
			);
			runOnlyForDeploymentPostprocessing = 0;
		};
/* End PBXFrameworksBuildPhase section */

/* Begin PBXGroup section */
		6525662B1C17048300EB1322 = {
			isa = PBXGroup;
			children = (
				652566361C17048300EB1322 /* TestApplication1 */,
				652566351C17048300EB1322 /* Products */,
			);
			sourceTree = "<group>";
		};
		652566351C17048300EB1322 /* Products */ = {
			isa = PBXGroup;
			children = (
				652566341C17048300EB1322 /* TestApplication1.app */,
			);
			name = Products;
			sourceTree = "<group>";
		};
		652566361C17048300EB1322 /* TestApplication1 */ = {
			isa = PBXGroup;
			children = (
				652566371C17048300EB1322 /* AppDelegate.swift */,
				652566391C17048300EB1322 /* ViewController.swift */,
				6525663B1C17048300EB1322 /* Main.storyboard */,
				6525663E1C17048300EB1322 /* My Asset Catalog.xcassets */,
				650B2D441C17684B0099F5BA /* Another Asset Catalog.xcassets */,
				652566401C17048300EB1322 /* LaunchScreen.storyboard */,
				652566431C17048300EB1322 /* Info.plist */,
			);
			path = TestApplication1;
			sourceTree = "<group>";
		};
/* End PBXGroup section */

/* Begin PBXNativeTarget section */
		652566331C17048300EB1322 /* TestApplication1 */ = {
			isa = PBXNativeTarget;
			buildConfigurationList = 652566461C17048300EB1322 /* Build configuration list for PBXNativeTarget "TestApplication1" */;
			buildPhases = (
				652566301C17048300EB1322 /* Sources */,
				652566311C17048300EB1322 /* Frameworks */,
				652566321C17048300EB1322 /* Resources */,
			);
			buildRules = (
			);
			dependencies = (
			);
			name = TestApplication1;
			productName = TestApplication1;
			productReference = 652566341C17048300EB1322 /* TestApplication1.app */;
			productType = "com.apple.product-type.application";
		};
/* End PBXNativeTarget section */

/* Begin PBXProject section */
		6525662C1C17048300EB1322 /* Project object */ = {
			isa = PBXProject;
			attributes = {
				LastSwiftUpdateCheck = 0710;
				LastUpgradeCheck = 0710;
				ORGANIZATIONNAME = "Rocket Apps Limited";
				TargetAttributes = {
					652566331C17048300EB1322 = {
						CreatedOnToolsVersion = 7.1.1;
					};
				};
			};
			buildConfigurationList = 6525662F1C17048300EB1322 /* Build configuration list for PBXProject "TestApplication1" */;
			compatibilityVersion = "Xcode 3.2";
			developmentRegion = English;
			hasScannedForEncodings = 0;
			knownRegions = (
				en,
				Base,
			);
			mainGroup = 6525662B1C17048300EB1322;
			productRefGroup = 652566351C17048300EB1322 /* Products */;
			projectDirPath = "";
			projectRoot = "";
			targets = (
				652566331C17048300EB1322 /* TestApplication1 */,
			);
		};
/* End PBXProject section */

/* Begin PBXResourcesBuildPhase section */
		652566321C17048300EB1322 /* Resources */ = {
			isa = PBXResourcesBuildPhase;
			buildActionMask = 2147483647;
			files = (
				652566421C17048300EB1322 /* LaunchScreen.storyboard in Resources */,
				6525663F1C17048300EB1322 /* My Asset Catalog.xcassets in Resources */,
				650B2D451C17684B0099F5BA /* Another Asset Catalog.xcassets in Resources */,
				6525663D1C17048300EB1322 /* Main.storyboard in Resources */,
			);
			runOnlyForDeploymentPostprocessing = 0;
		};
/* End PBXResourcesBuildPhase section */

/* Begin PBXSourcesBuildPhase section */
		652566301C17048300EB1322 /* Sources */ = {
			isa = PBXSourcesBuildPhase;
			buildActionMask = 2147483647;
			files = (
				6525663A1C17048300EB1322 /* ViewController.swift in Sources */,
				652566381C17048300EB1322 /* AppDelegate.swift in Sources */,
			);
			runOnlyForDeploymentPostprocessing = 0;
		};
/* End PBXSourcesBuildPhase section */

/* Begin PBXVariantGroup section */
		6525663B1C17048300EB1322 /* Main.storyboard */ = {
			isa = PBXVariantGroup;
			children = (
				6525663C1C17048300EB1322 /* Base */,
			);
			name = Main.storyboard;
			sourceTree = "<group>";
		};
		652566401C17048300EB1322 /* LaunchScreen.storyboard */ = {
			isa = PBXVariantGroup;
			children = (
				652566411C17048300EB1322 /* Base */,
			);
			name = LaunchScreen.storyboard;
			sourceTree = "<group>";
		};
/* End PBXVariantGroup section */

/* Begin XCBuildConfiguration section */
		652566441C17048300EB1322 /* Debug */ = {
			isa = XCBuildConfiguration;
			buildSettings = {
				ALWAYS_SEARCH_USER_PATHS = NO;
				CLANG_CXX_LANGUAGE_STANDARD = "gnu++0x";
				CLANG_CXX_LIBRARY = "libc++";
				CLANG_ENABLE_MODULES = YES;
				CLANG_ENABLE_OBJC_ARC = YES;
				CLANG_WARN_BOOL_CONVERSION = YES;
				CLANG_WARN_CONSTANT_CONVERSION = YES;
				CLANG_WARN_DIRECT_OBJC_ISA_USAGE = YES_ERROR;
				CLANG_WARN_EMPTY_BODY = YES;
				CLANG_WARN_ENUM_CONVERSION = YES;
				CLANG_WARN_INT_CONVERSION = YES;
				CLANG_WARN_OBJC_ROOT_CLASS = YES_ERROR;
				CLANG_WARN_UNREACHABLE_CODE = YES;
				CLANG_WARN__DUPLICATE_METHOD_MATCH = YES;
				"CODE_SIGN_IDENTITY[sdk=iphoneos*]" = "iPhone Developer";
				COPY_PHASE_STRIP = NO;
				DEBUG_INFORMATION_FORMAT = dwarf;
				ENABLE_STRICT_OBJC_MSGSEND = YES;
				ENABLE_TESTABILITY = YES;
				GCC_C_LANGUAGE_STANDARD = gnu99;
				GCC_DYNAMIC_NO_PIC = NO;
				GCC_NO_COMMON_BLOCKS = YES;
				GCC_OPTIMIZATION_LEVEL = 0;
				GCC_PREPROCESSOR_DEFINITIONS = (
					"DEBUG=1",
					"$(inherited)",
				);
				GCC_WARN_64_TO_32_BIT_CONVERSION = YES;
				GCC_WARN_ABOUT_RETURN_TYPE = YES_ERROR;
				GCC_WARN_UNDECLARED_SELECTOR = YES;
				GCC_WARN_UNINITIALIZED_AUTOS = YES_AGGRESSIVE;
				GCC_WARN_UNUSED_FUNCTION = YES;
				GCC_WARN_UNUSED_VARIABLE = YES;
				IPHONEOS_DEPLOYMENT_TARGET = 9.1;
				MTL_ENABLE_DEBUG_INFO = YES;
				ONLY_ACTIVE_ARCH = YES;
				SDKROOT = iphoneos;
				SWIFT_OPTIMIZATION_LEVEL = "-Onone";
				TARGETED_DEVICE_FAMILY = "1,2";
			};
			name = Debug;
		};
		652566451C17048300EB1322 /* Release */ = {
			isa = XCBuildConfiguration;
			buildSettings = {
				ALWAYS_SEARCH_USER_PATHS = NO;
				CLANG_CXX_LANGUAGE_STANDARD = "gnu++0x";
				CLANG_CXX_LIBRARY = "libc++";
				CLANG_ENABLE_MODULES = YES;
				CLANG_ENABLE_OBJC_ARC = YES;
				CLANG_WARN_BOOL_CONVERSION = YES;
				CLANG_WARN_CONSTANT_CONVERSION = YES;
				CLANG_WARN_DIRECT_OBJC_ISA_USAGE = YES_ERROR;
				CLANG_WARN_EMPTY_BODY = YES;
				CLANG_WARN_ENUM_CONVERSION = YES;
				CLANG_WARN_INT_CONVERSION = YES;
				CLANG_WARN_OBJC_ROOT_CLASS = YES_ERROR;
				CLANG_WARN_UNREACHABLE_CODE = YES;
				CLANG_WARN__DUPLICATE_METHOD_MATCH = YES;
				"CODE_SIGN_IDENTITY[sdk=iphoneos*]" = "iPhone Developer";
				COPY_PHASE_STRIP = NO;
				DEBUG_INFORMATION_FORMAT = "dwarf-with-dsym";
				ENABLE_NS_ASSERTIONS = NO;
				ENABLE_STRICT_OBJC_MSGSEND = YES;
				GCC_C_LANGUAGE_STANDARD = gnu99;
				GCC_NO_COMMON_BLOCKS = YES;
				GCC_WARN_64_TO_32_BIT_CONVERSION = YES;
				GCC_WARN_ABOUT_RETURN_TYPE = YES_ERROR;
				GCC_WARN_UNDECLARED_SELECTOR = YES;
				GCC_WARN_UNINITIALIZED_AUTOS = YES_AGGRESSIVE;
				GCC_WARN_UNUSED_FUNCTION = YES;
				GCC_WARN_UNUSED_VARIABLE = YES;
				IPHONEOS_DEPLOYMENT_TARGET = 9.1;
				MTL_ENABLE_DEBUG_INFO = NO;
				SDKROOT = iphoneos;
				TARGETED_DEVICE_FAMILY = "1,2";
				VALIDATE_PRODUCT = YES;
			};
			name = Release;
		};
		652566471C17048300EB1322 /* Debug */ = {
			isa = XCBuildConfiguration;
			buildSettings = {
				ASSETCATALOG_COMPILER_APPICON_NAME = AppIcon;
				INFOPLIST_FILE = TestApplication1/Info.plist;
				LD_RUNPATH_SEARCH_PATHS = "$(inherited) @executable_path/Frameworks";
				PRODUCT_BUNDLE_IDENTIFIER = co.rocketapps.TestApplication1;
				PRODUCT_NAME = "$(TARGET_NAME)";
			};
			name = Debug;
		};
		652566481C17048300EB1322 /* Release */ = {
			isa = XCBuildConfiguration;
			buildSettings = {
				ASSETCATALOG_COMPILER_APPICON_NAME = AppIcon;
				INFOPLIST_FILE = TestApplication1/Info.plist;
				LD_RUNPATH_SEARCH_PATHS = "$(inherited) @executable_path/Frameworks";
				PRODUCT_BUNDLE_IDENTIFIER = co.rocketapps.TestApplication1;
				PRODUCT_NAME = "$(TARGET_NAME)";
			};
			name = Release;
		};
/* End XCBuildConfiguration section */

/* Begin XCConfigurationList section */
		6525662F1C17048300EB1322 /* Build configuration list for PBXProject "TestApplication1" */ = {
			isa = XCConfigurationList;
			buildConfigurations = (
				652566441C17048300EB1322 /* Debug */,
				652566451C17048300EB1322 /* Release */,
			);
			defaultConfigurationIsVisible = 0;
			defaultConfigurationName = Release;
		};
		652566461C17048300EB1322 /* Build configuration list for PBXNativeTarget "TestApplication1" */ = {
			isa = XCConfigurationList;
			buildConfigurations = (
				652566471C17048300EB1322 /* Debug */,
				652566481C17048300EB1322 /* Release */,
			);
			defaultConfigurationIsVisible = 0;
			defaultConfigurationName = Release;
		};
/* End XCConfigurationList section */
	};
	rootObject = 6525662C1C17048300EB1322 /* Project object */;
}
